
Microsoft Visual Studio Solution File, Format Version 12.00
# Visual Studio Version 16
VisualStudioVersion = 16.0.30907.101
MinimumVisualStudioVersion = 10.0.40219.1
Project("{FAE04EC0-301F-11D3-BF4B-00C04F79EFBC}") = "Covid-19", "Covid-19\Covid-19.csproj", "{05F6BCAD-5C66-401E-B656-272981F7017B}"
EndProject
Global
	GlobalSection(SolutionConfigurationPlatforms) = preSolution
		Debug|Any CPU = Debug|Any CPU
		Release|Any CPU = Release|Any CPU
	EndGlobalSection
	GlobalSection(ProjectConfigurationPlatforms) = postSolution
		{05F6BCAD-5C66-401E-B656-272981F7017B}.Debug|Any CPU.ActiveCfg = Debug|Any CPU
		{05F6BCAD-5C66-401E-B656-272981F7017B}.Debug|Any CPU.Build.0 = Debug|Any CPU
		{05F6BCAD-5C66-401E-B656-272981F7017B}.Release|Any CPU.ActiveCfg = Release|Any CPU
		{05F6BCAD-5C66-401E-B656-272981F7017B}.Release|Any CPU.Build.0 = Release|Any CPU
	EndGlobalSection
	GlobalSection(SolutionProperties) = preSolution
		HideSolutionNode = FALSE
	EndGlobalSection
	GlobalSection(ExtensibilityGlobals) = postSolution
		SolutionGuid = {C222329A-9DD9-4B89-82C9-136038E46A63}
	EndGlobalSection
EndGlobal
